
Microsoft Visual Studio Solution File, Format Version 12.00
# Visual Studio 15
VisualStudioVersion = 15.0.26124.0
MinimumVisualStudioVersion = 15.0.26124.0
Project("{FAE04EC0-301F-11D3-BF4B-00C04F79EFBC}") = "Domain", "Domain\Domain.csproj", "{6835F4DB-C7B7-4794-9CEB-8CCAB1012ECD}"
EndProject
Project("{FAE04EC0-301F-11D3-BF4B-00C04F79EFBC}") = "Application", "Application\Application.csproj", "{57D6EDD4-4ECC-48F3-8719-C17AA1E012D9}"
EndProject
Project("{FAE04EC0-301F-11D3-BF4B-00C04F79EFBC}") = "API", "API\API.csproj", "{7F4C1CC4-6899-42CB-9204-5060C4AE9D21}"
EndProject
Project("{FAE04EC0-301F-11D3-BF4B-00C04F79EFBC}") = "Persistence", "Persistence\Persistence.csproj", "{87E074F2-19C0-491F-BF42-3B37EEC22046}"
EndProject
Global
	GlobalSection(SolutionConfigurationPlatforms) = preSolution
		Debug|Any CPU = Debug|Any CPU
		Debug|x64 = Debug|x64
		Debug|x86 = Debug|x86
		Release|Any CPU = Release|Any CPU
		Release|x64 = Release|x64
		Release|x86 = Release|x86
	EndGlobalSection
	GlobalSection(SolutionProperties) = preSolution
		HideSolutionNode = FALSE
	EndGlobalSection
	GlobalSection(ProjectConfigurationPlatforms) = postSolution
		{6835F4DB-C7B7-4794-9CEB-8CCAB1012ECD}.Debug|Any CPU.ActiveCfg = Debug|Any CPU
		{6835F4DB-C7B7-4794-9CEB-8CCAB1012ECD}.Debug|Any CPU.Build.0 = Debug|Any CPU
		{6835F4DB-C7B7-4794-9CEB-8CCAB1012ECD}.Debug|x64.ActiveCfg = Debug|Any CPU
		{6835F4DB-C7B7-4794-9CEB-8CCAB1012ECD}.Debug|x64.Build.0 = Debug|Any CPU
		{6835F4DB-C7B7-4794-9CEB-8CCAB1012ECD}.Debug|x86.ActiveCfg = Debug|Any CPU
		{6835F4DB-C7B7-4794-9CEB-8CCAB1012ECD}.Debug|x86.Build.0 = Debug|Any CPU
		{6835F4DB-C7B7-4794-9CEB-8CCAB1012ECD}.Release|Any CPU.ActiveCfg = Release|Any CPU
		{6835F4DB-C7B7-4794-9CEB-8CCAB1012ECD}.Release|Any CPU.Build.0 = Release|Any CPU
		{6835F4DB-C7B7-4794-9CEB-8CCAB1012ECD}.Release|x64.ActiveCfg = Release|Any CPU
		{6835F4DB-C7B7-4794-9CEB-8CCAB1012ECD}.Release|x64.Build.0 = Release|Any CPU
		{6835F4DB-C7B7-4794-9CEB-8CCAB1012ECD}.Release|x86.ActiveCfg = Release|Any CPU
		{6835F4DB-C7B7-4794-9CEB-8CCAB1012ECD}.Release|x86.Build.0 = Release|Any CPU
		{57D6EDD4-4ECC-48F3-8719-C17AA1E012D9}.Debug|Any CPU.ActiveCfg = Debug|Any CPU
		{57D6EDD4-4ECC-48F3-8719-C17AA1E012D9}.Debug|Any CPU.Build.0 = Debug|Any CPU
		{57D6EDD4-4ECC-48F3-8719-C17AA1E012D9}.Debug|x64.ActiveCfg = Debug|Any CPU
		{57D6EDD4-4ECC-48F3-8719-C17AA1E012D9}.Debug|x64.Build.0 = Debug|Any CPU
		{57D6EDD4-4ECC-48F3-8719-C17AA1E012D9}.Debug|x86.ActiveCfg = Debug|Any CPU
		{57D6EDD4-4ECC-48F3-8719-C17AA1E012D9}.Debug|x86.Build.0 = Debug|Any CPU
		{57D6EDD4-4ECC-48F3-8719-C17AA1E012D9}.Release|Any CPU.ActiveCfg = Release|Any CPU
		{57D6EDD4-4ECC-48F3-8719-C17AA1E012D9}.Release|Any CPU.Build.0 = Release|Any CPU
		{57D6EDD4-4ECC-48F3-8719-C17AA1E012D9}.Release|x64.ActiveCfg = Release|Any CPU
		{57D6EDD4-4ECC-48F3-8719-C17AA1E012D9}.Release|x64.Build.0 = Release|Any CPU
		{57D6EDD4-4ECC-48F3-8719-C17AA1E012D9}.Release|x86.ActiveCfg = Release|Any CPU
		{57D6EDD4-4ECC-48F3-8719-C17AA1E012D9}.Release|x86.Build.0 = Release|Any CPU
		{7F4C1CC4-6899-42CB-9204-5060C4AE9D21}.Debug|Any CPU.ActiveCfg = Debug|Any CPU
		{7F4C1CC4-6899-42CB-9204-5060C4AE9D21}.Debug|Any CPU.Build.0 = Debug|Any CPU
		{7F4C1CC4-6899-42CB-9204-5060C4AE9D21}.Debug|x64.ActiveCfg = Debug|Any CPU
		{7F4C1CC4-6899-42CB-9204-5060C4AE9D21}.Debug|x64.Build.0 = Debug|Any CPU
		{7F4C1CC4-6899-42CB-9204-5060C4AE9D21}.Debug|x86.ActiveCfg = Debug|Any CPU
		{7F4C1CC4-6899-42CB-9204-5060C4AE9D21}.Debug|x86.Build.0 = Debug|Any CPU
		{7F4C1CC4-6899-42CB-9204-5060C4AE9D21}.Release|Any CPU.ActiveCfg = Release|Any CPU
		{7F4C1CC4-6899-42CB-9204-5060C4AE9D21}.Release|Any CPU.Build.0 = Release|Any CPU
		{7F4C1CC4-6899-42CB-9204-5060C4AE9D21}.Release|x64.ActiveCfg = Release|Any CPU
		{7F4C1CC4-6899-42CB-9204-5060C4AE9D21}.Release|x64.Build.0 = Release|Any CPU
		{7F4C1CC4-6899-42CB-9204-5060C4AE9D21}.Release|x86.ActiveCfg = Release|Any CPU
		{7F4C1CC4-6899-42CB-9204-5060C4AE9D21}.Release|x86.Build.0 = Release|Any CPU
		{87E074F2-19C0-491F-BF42-3B37EEC22046}.Debug|Any CPU.ActiveCfg = Debug|Any CPU
		{87E074F2-19C0-491F-BF42-3B37EEC22046}.Debug|Any CPU.Build.0 = Debug|Any CPU
		{87E074F2-19C0-491F-BF42-3B37EEC22046}.Debug|x64.ActiveCfg = Debug|Any CPU
		{87E074F2-19C0-491F-BF42-3B37EEC22046}.Debug|x64.Build.0 = Debug|Any CPU
		{87E074F2-19C0-491F-BF42-3B37EEC22046}.Debug|x86.ActiveCfg = Debug|Any CPU
		{87E074F2-19C0-491F-BF42-3B37EEC22046}.Debug|x86.Build.0 = Debug|Any CPU
		{87E074F2-19C0-491F-BF42-3B37EEC22046}.Release|Any CPU.ActiveCfg = Release|Any CPU
		{87E074F2-19C0-491F-BF42-3B37EEC22046}.Release|Any CPU.Build.0 = Release|Any CPU
		{87E074F2-19C0-491F-BF42-3B37EEC22046}.Release|x64.ActiveCfg = Release|Any CPU
		{87E074F2-19C0-491F-BF42-3B37EEC22046}.Release|x64.Build.0 = Release|Any CPU
		{87E074F2-19C0-491F-BF42-3B37EEC22046}.Release|x86.ActiveCfg = Release|Any CPU
		{87E074F2-19C0-491F-BF42-3B37EEC22046}.Release|x86.Build.0 = Release|Any CPU
	EndGlobalSection
EndGlobal
